// !$*UTF8*$!
{
	archiveVersion = 1;
	classes = {
	};
	objectVersion = 50;
	objects = {

/* Begin PBXBuildFile section */
		F7BDC625239650C400E962BD /* BViewController.m in Sources */ = {isa = PBXBuildFile; fileRef = F7BDC624239650C400E962BD /* BViewController.m */; };
		F7D17CD223952F9C0023FFCE /* AppDelegate.m in Sources */ = {isa = PBXBuildFile; fileRef = F7D17CD123952F9C0023FFCE /* AppDelegate.m */; };
		F7D17CD523952F9C0023FFCE /* SceneDelegate.m in Sources */ = {isa = PBXBuildFile; fileRef = F7D17CD423952F9C0023FFCE /* SceneDelegate.m */; };
		F7D17CD823952F9C0023FFCE /* ViewController.m in Sources */ = {isa = PBXBuildFile; fileRef = F7D17CD723952F9C0023FFCE /* ViewController.m */; };
		F7D17CDB23952F9C0023FFCE /* Main.storyboard in Resources */ = {isa = PBXBuildFile; fileRef = F7D17CD923952F9C0023FFCE /* Main.storyboard */; };
		F7D17CDD23952F9F0023FFCE /* Assets.xcassets in Resources */ = {isa = PBXBuildFile; fileRef = F7D17CDC23952F9F0023FFCE /* Assets.xcassets */; };
		F7D17CE023952F9F0023FFCE /* LaunchScreen.storyboard in Resources */ = {isa = PBXBuildFile; fileRef = F7D17CDE23952F9F0023FFCE /* LaunchScreen.storyboard */; };
		F7D17CE323952F9F0023FFCE /* main.m in Sources */ = {isa = PBXBuildFile; fileRef = F7D17CE223952F9F0023FFCE /* main.m */; };
		F7D17CEB23952FD90023FFCE /* BaseRouter.m in Sources */ = {isa = PBXBuildFile; fileRef = F7D17CEA23952FD90023FFCE /* BaseRouter.m */; };
		F7D17CEE239530870023FFCE /* UIApplication+RootVC.m in Sources */ = {isa = PBXBuildFile; fileRef = F7D17CED239530870023FFCE /* UIApplication+RootVC.m */; };
/* End PBXBuildFile section */

/* Begin PBXFileReference section */
		F7BDC6222396506800E962BD /* QLRouter.h */ = {isa = PBXFileReference; lastKnownFileType = sourcecode.c.h; path = QLRouter.h; sourceTree = "<group>"; };
		F7BDC623239650C400E962BD /* BViewController.h */ = {isa = PBXFileReference; lastKnownFileType = sourcecode.c.h; path = BViewController.h; sourceTree = "<group>"; };
		F7BDC624239650C400E962BD /* BViewController.m */ = {isa = PBXFileReference; lastKnownFileType = sourcecode.c.objc; path = BViewController.m; sourceTree = "<group>"; };
		F7D17CCD23952F9C0023FFCE /* QLRouter.app */ = {isa = PBXFileReference; explicitFileType = wrapper.application; includeInIndex = 0; path = QLRouter.app; sourceTree = BUILT_PRODUCTS_DIR; };
		F7D17CD023952F9C0023FFCE /* AppDelegate.h */ = {isa = PBXFileReference; lastKnownFileType = sourcecode.c.h; path = AppDelegate.h; sourceTree = "<group>"; };
		F7D17CD123952F9C0023FFCE /* AppDelegate.m */ = {isa = PBXFileReference; lastKnownFileType = sourcecode.c.objc; path = AppDelegate.m; sourceTree = "<group>"; };
		F7D17CD323952F9C0023FFCE /* SceneDelegate.h */ = {isa = PBXFileReference; lastKnownFileType = sourcecode.c.h; path = SceneDelegate.h; sourceTree = "<group>"; };
		F7D17CD423952F9C0023FFCE /* SceneDelegate.m */ = {isa = PBXFileReference; lastKnownFileType = sourcecode.c.objc; path = SceneDelegate.m; sourceTree = "<group>"; };
		F7D17CD623952F9C0023FFCE /* ViewController.h */ = {isa = PBXFileReference; lastKnownFileType = sourcecode.c.h; path = ViewController.h; sourceTree = "<group>"; };
		F7D17CD723952F9C0023FFCE /* ViewController.m */ = {isa = PBXFileReference; lastKnownFileType = sourcecode.c.objc; path = ViewController.m; sourceTree = "<group>"; };
		F7D17CDA23952F9C0023FFCE /* Base */ = {isa = PBXFileReference; lastKnownFileType = file.storyboard; name = Base; path = Base.lproj/Main.storyboard; sourceTree = "<group>"; };
		F7D17CDC23952F9F0023FFCE /* Assets.xcassets */ = {isa = PBXFileReference; lastKnownFileType = folder.assetcatalog; path = Assets.xcassets; sourceTree = "<group>"; };
		F7D17CDF23952F9F0023FFCE /* Base */ = {isa = PBXFileReference; lastKnownFileType = file.storyboard; name = Base; path = Base.lproj/LaunchScreen.storyboard; sourceTree = "<group>"; };
		F7D17CE123952F9F0023FFCE /* Info.plist */ = {isa = PBXFileReference; lastKnownFileType = text.plist.xml; path = Info.plist; sourceTree = "<group>"; };
		F7D17CE223952F9F0023FFCE /* main.m */ = {isa = PBXFileReference; lastKnownFileType = sourcecode.c.objc; path = main.m; sourceTree = "<group>"; };
		F7D17CE923952FD90023FFCE /* BaseRouter.h */ = {isa = PBXFileReference; lastKnownFileType = sourcecode.c.h; path = BaseRouter.h; sourceTree = "<group>"; };
		F7D17CEA23952FD90023FFCE /* BaseRouter.m */ = {isa = PBXFileReference; lastKnownFileType = sourcecode.c.objc; path = BaseRouter.m; sourceTree = "<group>"; };
		F7D17CEC239530870023FFCE /* UIApplication+RootVC.h */ = {isa = PBXFileReference; lastKnownFileType = sourcecode.c.h; path = "UIApplication+RootVC.h"; sourceTree = "<group>"; };
		F7D17CED239530870023FFCE /* UIApplication+RootVC.m */ = {isa = PBXFileReference; lastKnownFileType = sourcecode.c.objc; path = "UIApplication+RootVC.m"; sourceTree = "<group>"; };
/* End PBXFileReference section */

/* Begin PBXFrameworksBuildPhase section */
		F7D17CCA23952F9C0023FFCE /* Frameworks */ = {
			isa = PBXFrameworksBuildPhase;
			buildActionMask = 2147483647;
			files = (
			);
			runOnlyForDeploymentPostprocessing = 0;
		};
/* End PBXFrameworksBuildPhase section */

/* Begin PBXGroup section */
		F7D17CC423952F9C0023FFCE = {
			isa = PBXGroup;
			children = (
				F7D17CCF23952F9C0023FFCE /* QLRouter */,
				F7D17CCE23952F9C0023FFCE /* Products */,
			);
			sourceTree = "<group>";
		};
		F7D17CCE23952F9C0023FFCE /* Products */ = {
			isa = PBXGroup;
			children = (
				F7D17CCD23952F9C0023FFCE /* QLRouter.app */,
			);
			name = Products;
			sourceTree = "<group>";
		};
		F7D17CCF23952F9C0023FFCE /* QLRouter */ = {
			isa = PBXGroup;
			children = (
				F7D17CD023952F9C0023FFCE /* AppDelegate.h */,
				F7D17CD123952F9C0023FFCE /* AppDelegate.m */,
				F7D17CD323952F9C0023FFCE /* SceneDelegate.h */,
				F7D17CD423952F9C0023FFCE /* SceneDelegate.m */,
				F7D17CD623952F9C0023FFCE /* ViewController.h */,
				F7D17CD723952F9C0023FFCE /* ViewController.m */,
				F7BDC623239650C400E962BD /* BViewController.h */,
				F7BDC624239650C400E962BD /* BViewController.m */,
				F7BDC6222396506800E962BD /* QLRouter.h */,
				F7D17CE923952FD90023FFCE /* BaseRouter.h */,
				F7D17CEA23952FD90023FFCE /* BaseRouter.m */,
				F7D17CEC239530870023FFCE /* UIApplication+RootVC.h */,
				F7D17CED239530870023FFCE /* UIApplication+RootVC.m */,
				F7D17CD923952F9C0023FFCE /* Main.storyboard */,
				F7D17CDC23952F9F0023FFCE /* Assets.xcassets */,
				F7D17CDE23952F9F0023FFCE /* LaunchScreen.storyboard */,
				F7D17CE123952F9F0023FFCE /* Info.plist */,
				F7D17CE223952F9F0023FFCE /* main.m */,
			);
			path = QLRouter;
			sourceTree = "<group>";
		};
/* End PBXGroup section */

/* Begin PBXNativeTarget section */
		F7D17CCC23952F9C0023FFCE /* QLRouter */ = {
			isa = PBXNativeTarget;
			buildConfigurationList = F7D17CE623952F9F0023FFCE /* Build configuration list for PBXNativeTarget "QLRouter" */;
			buildPhases = (
				F7D17CC923952F9C0023FFCE /* Sources */,
				F7D17CCA23952F9C0023FFCE /* Frameworks */,
				F7D17CCB23952F9C0023FFCE /* Resources */,
			);
			buildRules = (
			);
			dependencies = (
			);
			name = QLRouter;
			productName = QLRouter;
			productReference = F7D17CCD23952F9C0023FFCE /* QLRouter.app */;
			productType = "com.apple.product-type.application";
		};
/* End PBXNativeTarget section */

/* Begin PBXProject section */
		F7D17CC523952F9C0023FFCE /* Project object */ = {
			isa = PBXProject;
			attributes = {
				LastUpgradeCheck = 1120;
				ORGANIZATIONNAME = CQL;
				TargetAttributes = {
					F7D17CCC23952F9C0023FFCE = {
						CreatedOnToolsVersion = 11.2.1;
					};
				};
			};
			buildConfigurationList = F7D17CC823952F9C0023FFCE /* Build configuration list for PBXProject "QLRouter" */;
			compatibilityVersion = "Xcode 9.3";
			developmentRegion = en;
			hasScannedForEncodings = 0;
			knownRegions = (
				en,
				Base,
			);
			mainGroup = F7D17CC423952F9C0023FFCE;
			productRefGroup = F7D17CCE23952F9C0023FFCE /* Products */;
			projectDirPath = "";
			projectRoot = "";
			targets = (
				F7D17CCC23952F9C0023FFCE /* QLRouter */,
			);
		};
/* End PBXProject section */

/* Begin PBXResourcesBuildPhase section */
		F7D17CCB23952F9C0023FFCE /* Resources */ = {
			isa = PBXResourcesBuildPhase;
			buildActionMask = 2147483647;
			files = (
				F7D17CE023952F9F0023FFCE /* LaunchScreen.storyboard in Resources */,
				F7D17CDD23952F9F0023FFCE /* Assets.xcassets in Resources */,
				F7D17CDB23952F9C0023FFCE /* Main.storyboard in Resources */,
			);
			runOnlyForDeploymentPostprocessing = 0;
		};
/* End PBXResourcesBuildPhase section */

/* Begin PBXSourcesBuildPhase section */
		F7D17CC923952F9C0023FFCE /* Sources */ = {
			isa = PBXSourcesBuildPhase;
			buildActionMask = 2147483647;
			files = (
				F7BDC625239650C400E962BD /* BViewController.m in Sources */,
				F7D17CD823952F9C0023FFCE /* ViewController.m in Sources */,
				F7D17CEB23952FD90023FFCE /* BaseRouter.m in Sources */,
				F7D17CD223952F9C0023FFCE /* AppDelegate.m in Sources */,
				F7D17CE323952F9F0023FFCE /* main.m in Sources */,
				F7D17CD523952F9C0023FFCE /* SceneDelegate.m in Sources */,
				F7D17CEE239530870023FFCE /* UIApplication+RootVC.m in Sources */,
			);
			runOnlyForDeploymentPostprocessing = 0;
		};
/* End PBXSourcesBuildPhase section */

/* Begin PBXVariantGroup section */
		F7D17CD923952F9C0023FFCE /* Main.storyboard */ = {
			isa = PBXVariantGroup;
			children = (
				F7D17CDA23952F9C0023FFCE /* Base */,
			);
			name = Main.storyboard;
			sourceTree = "<group>";
		};
		F7D17CDE23952F9F0023FFCE /* LaunchScreen.storyboard */ = {
			isa = PBXVariantGroup;
			children = (
				F7D17CDF23952F9F0023FFCE /* Base */,
			);
			name = LaunchScreen.storyboard;
			sourceTree = "<group>";
		};
/* End PBXVariantGroup section */

/* Begin XCBuildConfiguration section */
		F7D17CE423952F9F0023FFCE /* Debug */ = {
			isa = XCBuildConfiguration;
			buildSettings = {
				ALWAYS_SEARCH_USER_PATHS = NO;
				CLANG_ANALYZER_NONNULL = YES;
				CLANG_ANALYZER_NUMBER_OBJECT_CONVERSION = YES_AGGRESSIVE;
				CLANG_CXX_LANGUAGE_STANDARD = "gnu++14";
				CLANG_CXX_LIBRARY = "libc++";
				CLANG_ENABLE_MODULES = YES;
				CLANG_ENABLE_OBJC_ARC = YES;
				CLANG_ENABLE_OBJC_WEAK = YES;
				CLANG_WARN_BLOCK_CAPTURE_AUTORELEASING = YES;
				CLANG_WARN_BOOL_CONVERSION = YES;
				CLANG_WARN_COMMA = YES;
				CLANG_WARN_CONSTANT_CONVERSION = YES;
				CLANG_WARN_DEPRECATED_OBJC_IMPLEMENTATIONS = YES;
				CLANG_WARN_DIRECT_OBJC_ISA_USAGE = YES_ERROR;
				CLANG_WARN_DOCUMENTATION_COMMENTS = YES;
				CLANG_WARN_EMPTY_BODY = YES;
				CLANG_WARN_ENUM_CONVERSION = YES;
				CLANG_WARN_INFINITE_RECURSION = YES;
				CLANG_WARN_INT_CONVERSION = YES;
				CLANG_WARN_NON_LITERAL_NULL_CONVERSION = YES;
				CLANG_WARN_OBJC_IMPLICIT_RETAIN_SELF = YES;
				CLANG_WARN_OBJC_LITERAL_CONVERSION = YES;
				CLANG_WARN_OBJC_ROOT_CLASS = YES_ERROR;
				CLANG_WARN_RANGE_LOOP_ANALYSIS = YES;
				CLANG_WARN_STRICT_PROTOTYPES = YES;
				CLANG_WARN_SUSPICIOUS_MOVE = YES;
				CLANG_WARN_UNGUARDED_AVAILABILITY = YES_AGGRESSIVE;
				CLANG_WARN_UNREACHABLE_CODE = YES;
				CLANG_WARN__DUPLICATE_METHOD_MATCH = YES;
				COPY_PHASE_STRIP = NO;
				DEBUG_INFORMATION_FORMAT = dwarf;
				ENABLE_STRICT_OBJC_MSGSEND = YES;
				ENABLE_TESTABILITY = YES;
				GCC_C_LANGUAGE_STANDARD = gnu11;
				GCC_DYNAMIC_NO_PIC = NO;
				GCC_NO_COMMON_BLOCKS = YES;
				GCC_OPTIMIZATION_LEVEL = 0;
				GCC_PREPROCESSOR_DEFINITIONS = (
					"DEBUG=1",
					"$(inherited)",
				);
				GCC_WARN_64_TO_32_BIT_CONVERSION = YES;
				GCC_WARN_ABOUT_RETURN_TYPE = YES_ERROR;
				GCC_WARN_UNDECLARED_SELECTOR = YES;
				GCC_WARN_UNINITIALIZED_AUTOS = YES_AGGRESSIVE;
				GCC_WARN_UNUSED_FUNCTION = YES;
				GCC_WARN_UNUSED_VARIABLE = YES;
				IPHONEOS_DEPLOYMENT_TARGET = 13.2;
				MTL_ENABLE_DEBUG_INFO = INCLUDE_SOURCE;
				MTL_FAST_MATH = YES;
				ONLY_ACTIVE_ARCH = YES;
				SDKROOT = iphoneos;
			};
			name = Debug;
		};
		F7D17CE523952F9F0023FFCE /* Release */ = {
			isa = XCBuildConfiguration;
			buildSettings = {
				ALWAYS_SEARCH_USER_PATHS = NO;
				CLANG_ANALYZER_NONNULL = YES;
				CLANG_ANALYZER_NUMBER_OBJECT_CONVERSION = YES_AGGRESSIVE;
				CLANG_CXX_LANGUAGE_STANDARD = "gnu++14";
				CLANG_CXX_LIBRARY = "libc++";
				CLANG_ENABLE_MODULES = YES;
				CLANG_ENABLE_OBJC_ARC = YES;
				CLANG_ENABLE_OBJC_WEAK = YES;
				CLANG_WARN_BLOCK_CAPTURE_AUTORELEASING = YES;
				CLANG_WARN_BOOL_CONVERSION = YES;
				CLANG_WARN_COMMA = YES;
				CLANG_WARN_CONSTANT_CONVERSION = YES;
				CLANG_WARN_DEPRECATED_OBJC_IMPLEMENTATIONS = YES;
				CLANG_WARN_DIRECT_OBJC_ISA_USAGE = YES_ERROR;
				CLANG_WARN_DOCUMENTATION_COMMENTS = YES;
				CLANG_WARN_EMPTY_BODY = YES;
				CLANG_WARN_ENUM_CONVERSION = YES;
				CLANG_WARN_INFINITE_RECURSION = YES;
				CLANG_WARN_INT_CONVERSION = YES;
				CLANG_WARN_NON_LITERAL_NULL_CONVERSION = YES;
				CLANG_WARN_OBJC_IMPLICIT_RETAIN_SELF = YES;
				CLANG_WARN_OBJC_LITERAL_CONVERSION = YES;
				CLANG_WARN_OBJC_ROOT_CLASS = YES_ERROR;
				CLANG_WARN_RANGE_LOOP_ANALYSIS = YES;
				CLANG_WARN_STRICT_PROTOTYPES = YES;
				CLANG_WARN_SUSPICIOUS_MOVE = YES;
				CLANG_WARN_UNGUARDED_AVAILABILITY = YES_AGGRESSIVE;
				CLANG_WARN_UNREACHABLE_CODE = YES;
				CLANG_WARN__DUPLICATE_METHOD_MATCH = YES;
				COPY_PHASE_STRIP = NO;
				DEBUG_INFORMATION_FORMAT = "dwarf-with-dsym";
				ENABLE_NS_ASSERTIONS = NO;
				ENABLE_STRICT_OBJC_MSGSEND = YES;
				GCC_C_LANGUAGE_STANDARD = gnu11;
				GCC_NO_COMMON_BLOCKS = YES;
				GCC_WARN_64_TO_32_BIT_CONVERSION = YES;
				GCC_WARN_ABOUT_RETURN_TYPE = YES_ERROR;
				GCC_WARN_UNDECLARED_SELECTOR = YES;
				GCC_WARN_UNINITIALIZED_AUTOS = YES_AGGRESSIVE;
				GCC_WARN_UNUSED_FUNCTION = YES;
				GCC_WARN_UNUSED_VARIABLE = YES;
				IPHONEOS_DEPLOYMENT_TARGET = 13.2;
				MTL_ENABLE_DEBUG_INFO = NO;
				MTL_FAST_MATH = YES;
				SDKROOT = iphoneos;
				VALIDATE_PRODUCT = YES;
			};
			name = Release;
		};
		F7D17CE723952F9F0023FFCE /* Debug */ = {
			isa = XCBuildConfiguration;
			buildSettings = {
				ASSETCATALOG_COMPILER_APPICON_NAME = AppIcon;
				CODE_SIGN_STYLE = Automatic;
				DEVELOPMENT_TEAM = 226YH5AK6L;
				INFOPLIST_FILE = QLRouter/Info.plist;
				LD_RUNPATH_SEARCH_PATHS = (
					"$(inherited)",
					"@executable_path/Frameworks",
				);
				PRODUCT_BUNDLE_IDENTIFIER = QL.QLRouter;
				PRODUCT_NAME = "$(TARGET_NAME)";
				TARGETED_DEVICE_FAMILY = "1,2";
			};
			name = Debug;
		};
		F7D17CE823952F9F0023FFCE /* Release */ = {
			isa = XCBuildConfiguration;
			buildSettings = {
				ASSETCATALOG_COMPILER_APPICON_NAME = AppIcon;
				CODE_SIGN_STYLE = Automatic;
				DEVELOPMENT_TEAM = 226YH5AK6L;
				INFOPLIST_FILE = QLRouter/Info.plist;
				LD_RUNPATH_SEARCH_PATHS = (
					"$(inherited)",
					"@executable_path/Frameworks",
				);
				PRODUCT_BUNDLE_IDENTIFIER = QL.QLRouter;
				PRODUCT_NAME = "$(TARGET_NAME)";
				TARGETED_DEVICE_FAMILY = "1,2";
			};
			name = Release;
		};
/* End XCBuildConfiguration section */

/* Begin XCConfigurationList section */
		F7D17CC823952F9C0023FFCE /* Build configuration list for PBXProject "QLRouter" */ = {
			isa = XCConfigurationList;
			buildConfigurations = (
				F7D17CE423952F9F0023FFCE /* Debug */,
				F7D17CE523952F9F0023FFCE /* Release */,
			);
			defaultConfigurationIsVisible = 0;
			defaultConfigurationName = Release;
		};
		F7D17CE623952F9F0023FFCE /* Build configuration list for PBXNativeTarget "QLRouter" */ = {
			isa = XCConfigurationList;
			buildConfigurations = (
				F7D17CE723952F9F0023FFCE /* Debug */,
				F7D17CE823952F9F0023FFCE /* Release */,
			);
			defaultConfigurationIsVisible = 0;
			defaultConfigurationName = Release;
		};
/* End XCConfigurationList section */
	};
	rootObject = F7D17CC523952F9C0023FFCE /* Project object */;
}
